
Microsoft Visual Studio Solution File, Format Version 12.00
# Visual Studio Version 17
VisualStudioVersion = 17.7.34031.279
MinimumVisualStudioVersion = 10.0.40219.1
Project("{9A19103F-16F7-4668-BE54-9A1E7A4F7556}") = "Zadanie6", "Zadanie6\Zadanie6.csproj", "{DF46E3BE-A71F-4446-B33D-4091D35950F2}"
EndProject
Project("{9A19103F-16F7-4668-BE54-9A1E7A4F7556}") = "Zadanie6.Desktop", "Zadanie6.Desktop\Zadanie6.Desktop.csproj", "{BDFB1BC8-ED80-4707-A1D0-8D3646967681}"
EndProject
Global
	GlobalSection(SolutionConfigurationPlatforms) = preSolution
		Debug|Any CPU = Debug|Any CPU
		Release|Any CPU = Release|Any CPU
	EndGlobalSection
	GlobalSection(ProjectConfigurationPlatforms) = postSolution
		{DF46E3BE-A71F-4446-B33D-4091D35950F2}.Debug|Any CPU.ActiveCfg = Debug|Any CPU
		{DF46E3BE-A71F-4446-B33D-4091D35950F2}.Debug|Any CPU.Build.0 = Debug|Any CPU
		{DF46E3BE-A71F-4446-B33D-4091D35950F2}.Release|Any CPU.ActiveCfg = Release|Any CPU
		{DF46E3BE-A71F-4446-B33D-4091D35950F2}.Release|Any CPU.Build.0 = Release|Any CPU
		{BDFB1BC8-ED80-4707-A1D0-8D3646967681}.Debug|Any CPU.ActiveCfg = Debug|Any CPU
		{BDFB1BC8-ED80-4707-A1D0-8D3646967681}.Debug|Any CPU.Build.0 = Debug|Any CPU
		{BDFB1BC8-ED80-4707-A1D0-8D3646967681}.Release|Any CPU.ActiveCfg = Release|Any CPU
		{BDFB1BC8-ED80-4707-A1D0-8D3646967681}.Release|Any CPU.Build.0 = Release|Any CPU
	EndGlobalSection
	GlobalSection(SolutionProperties) = preSolution
		HideSolutionNode = FALSE
	EndGlobalSection
	GlobalSection(ExtensibilityGlobals) = postSolution
		SolutionGuid = {F477BDD4-0834-4633-863F-61B1E8D6AEC6}
	EndGlobalSection
EndGlobal
